
Microsoft Visual Studio Solution File, Format Version 12.00
# Visual Studio 15
VisualStudioVersion = 15.0.28307.106
MinimumVisualStudioVersion = 10.0.40219.1
Project("{9A19103F-16F7-4668-BE54-9A1E7A4F7556}") = "ClientAccount", "ClientAccount\ClientAccount.csproj", "{9C68D20E-7B79-4E72-8827-5F0B36425907}"
EndProject
Project("{9A19103F-16F7-4668-BE54-9A1E7A4F7556}") = "ClientAccountTests", "ClientAccountTests\ClientAccountTests.csproj", "{AA0DD85C-0E49-4F2E-ABF5-695A795FC740}"
EndProject
Global
	GlobalSection(SolutionConfigurationPlatforms) = preSolution
		Debug|Any CPU = Debug|Any CPU
		Release|Any CPU = Release|Any CPU
	EndGlobalSection
	GlobalSection(ProjectConfigurationPlatforms) = postSolution
		{9C68D20E-7B79-4E72-8827-5F0B36425907}.Debug|Any CPU.ActiveCfg = Debug|Any CPU
		{9C68D20E-7B79-4E72-8827-5F0B36425907}.Debug|Any CPU.Build.0 = Debug|Any CPU
		{9C68D20E-7B79-4E72-8827-5F0B36425907}.Release|Any CPU.ActiveCfg = Release|Any CPU
		{9C68D20E-7B79-4E72-8827-5F0B36425907}.Release|Any CPU.Build.0 = Release|Any CPU
		{AA0DD85C-0E49-4F2E-ABF5-695A795FC740}.Debug|Any CPU.ActiveCfg = Debug|Any CPU
		{AA0DD85C-0E49-4F2E-ABF5-695A795FC740}.Debug|Any CPU.Build.0 = Debug|Any CPU
		{AA0DD85C-0E49-4F2E-ABF5-695A795FC740}.Release|Any CPU.ActiveCfg = Release|Any CPU
		{AA0DD85C-0E49-4F2E-ABF5-695A795FC740}.Release|Any CPU.Build.0 = Release|Any CPU
	EndGlobalSection
	GlobalSection(SolutionProperties) = preSolution
		HideSolutionNode = FALSE
	EndGlobalSection
	GlobalSection(ExtensibilityGlobals) = postSolution
		SolutionGuid = {11A6AD3C-D711-44BC-B835-CBA9FDF02FE0}
	EndGlobalSection
EndGlobal
